
Microsoft Visual Studio Solution File, Format Version 12.00
# Visual Studio Version 17
VisualStudioVersion = 17.14.37012.4 d17.14
MinimumVisualStudioVersion = 10.0.40219.1
Project("{FAE04EC0-301F-11D3-BF4B-00C04F79EFBC}") = "Shipments.Api", "Shipments.Api\Shipments.Api.csproj", "{45B66F5D-396D-4B76-8FA2-ADC17B13953C}"
EndProject
Project("{FAE04EC0-301F-11D3-BF4B-00C04F79EFBC}") = "Shipments.Domain", "Shipments.Domain\Shipments.Domain.csproj", "{6F3F69DC-8C47-4E00-90E3-A30A4E4A7CCA}"
EndProject
Project("{FAE04EC0-301F-11D3-BF4B-00C04F79EFBC}") = "Shipments.Infrastructure", "Shipments.Infrastructure\Shipments.Infrastructure.csproj", "{740DC275-61F2-4355-BA68-6B13FB83CCFC}"
EndProject
Project("{FAE04EC0-301F-11D3-BF4B-00C04F79EFBC}") = "Shipments.Application", "Shipments.Application\Shipments.Application.csproj", "{575531CB-CEE8-4F5E-824A-4FAC632227CE}"
EndProject
Project("{FAE04EC0-301F-11D3-BF4B-00C04F79EFBC}") = "Shipments.UnitTests", "Shipments.UnitTests\Shipments.UnitTests.csproj", "{8A5F7B1D-9C2E-4F6A-B3D8-5E2A7C1F4D9B}"
EndProject
Global
	GlobalSection(SolutionConfigurationPlatforms) = preSolution
		Debug|Any CPU = Debug|Any CPU
		Release|Any CPU = Release|Any CPU
	EndGlobalSection
	GlobalSection(ProjectConfigurationPlatforms) = postSolution
		{45B66F5D-396D-4B76-8FA2-ADC17B13953C}.Debug|Any CPU.ActiveCfg = Debug|Any CPU
		{45B66F5D-396D-4B76-8FA2-ADC17B13953C}.Debug|Any CPU.Build.0 = Debug|Any CPU
		{45B66F5D-396D-4B76-8FA2-ADC17B13953C}.Release|Any CPU.ActiveCfg = Release|Any CPU
		{45B66F5D-396D-4B76-8FA2-ADC17B13953C}.Release|Any CPU.Build.0 = Release|Any CPU
		{6F3F69DC-8C47-4E00-90E3-A30A4E4A7CCA}.Debug|Any CPU.ActiveCfg = Debug|Any CPU
		{6F3F69DC-8C47-4E00-90E3-A30A4E4A7CCA}.Debug|Any CPU.Build.0 = Debug|Any CPU
		{6F3F69DC-8C47-4E00-90E3-A30A4E4A7CCA}.Release|Any CPU.ActiveCfg = Release|Any CPU
		{6F3F69DC-8C47-4E00-90E3-A30A4E4A7CCA}.Release|Any CPU.Build.0 = Release|Any CPU
		{740DC275-61F2-4355-BA68-6B13FB83CCFC}.Debug|Any CPU.ActiveCfg = Debug|Any CPU
		{740DC275-61F2-4355-BA68-6B13FB83CCFC}.Debug|Any CPU.Build.0 = Debug|Any CPU
		{740DC275-61F2-4355-BA68-6B13FB83CCFC}.Release|Any CPU.ActiveCfg = Release|Any CPU
		{740DC275-61F2-4355-BA68-6B13FB83CCFC}.Release|Any CPU.Build.0 = Release|Any CPU
		{575531CB-CEE8-4F5E-824A-4FAC632227CE}.Debug|Any CPU.ActiveCfg = Debug|Any CPU
		{575531CB-CEE8-4F5E-824A-4FAC632227CE}.Debug|Any CPU.Build.0 = Debug|Any CPU
		{575531CB-CEE8-4F5E-824A-4FAC632227CE}.Release|Any CPU.ActiveCfg = Release|Any CPU
		{575531CB-CEE8-4F5E-824A-4FAC632227CE}.Release|Any CPU.Build.0 = Release|Any CPU
		{8A5F7B1D-9C2E-4F6A-B3D8-5E2A7C1F4D9B}.Debug|Any CPU.ActiveCfg = Debug|Any CPU
		{8A5F7B1D-9C2E-4F6A-B3D8-5E2A7C1F4D9B}.Debug|Any CPU.Build.0 = Debug|Any CPU
		{8A5F7B1D-9C2E-4F6A-B3D8-5E2A7C1F4D9B}.Release|Any CPU.ActiveCfg = Release|Any CPU
		{8A5F7B1D-9C2E-4F6A-B3D8-5E2A7C1F4D9B}.Release|Any CPU.Build.0 = Release|Any CPU
	EndGlobalSection
	GlobalSection(SolutionProperties) = preSolution
		HideSolutionNode = FALSE
	EndGlobalSection
	GlobalSection(ExtensibilityGlobals) = postSolution
		SolutionGuid = {9B8803EB-5FD2-4159-AB48-1460C5BB737C}
	EndGlobalSection
EndGlobal
