Microsoft Visual Studio Solution File, Format Version 12.00
# Visual Studio Version 17
VisualStudioVersion = 17.14.37012.4
MinimumVisualStudioVersion = 10.0.40219.1
Project("{FAE04EC0-301F-11D3-BF4B-00C04F79EFBC}") = "Costs.Api", "Costs.Api\Costs.Api.csproj", "{88D45EC1-9E61-4513-9BFA-704E22E63F69}"
EndProject
Project("{FAE04EC0-301F-11D3-BF4B-00C04F79EFBC}") = "Costs.Domain", "Costs.Domain\Costs.Domain.csproj", "{7F3F69DC-9C47-5E00-A0E3-B30A4E5A7CCB}"
EndProject
Project("{FAE04EC0-301F-11D3-BF4B-00C04F79EFBC}") = "Costs.Infrastructure", "Costs.Infrastructure\Costs.Infrastructure.csproj", "{841DC375-72F2-5465-CB79-7C24CC94DDFD}"
EndProject
Project("{FAE04EC0-301F-11D3-BF4B-00C04F79EFBC}") = "Costs.Application", "Costs.Application\Costs.Application.csproj", "{675531DD-DFF8-5F5E-935B-5FAC742338CE}"
EndProject
Project("{FAE04EC0-301F-11D3-BF4B-00C04F79EFBC}") = "Costs.UnitTests", "Costs.UnitTests\Costs.UnitTests.csproj", "{283DA3A5-4323-4696-AEA8-1FBA110F69D9}"
EndProject
Global
	GlobalSection(SolutionConfigurationPlatforms) = preSolution
		Debug|Any CPU = Debug|Any CPU
		Release|Any CPU = Release|Any CPU
	EndGlobalSection
	GlobalSection(ProjectConfigurationPlatforms) = postSolution
		{88D45EC1-9E61-4513-9BFA-704E22E63F69}.Debug|Any CPU.ActiveCfg = Debug|Any CPU
		{88D45EC1-9E61-4513-9BFA-704E22E63F69}.Debug|Any CPU.Build.0 = Debug|Any CPU
		{88D45EC1-9E61-4513-9BFA-704E22E63F69}.Release|Any CPU.ActiveCfg = Release|Any CPU
		{88D45EC1-9E61-4513-9BFA-704E22E63F69}.Release|Any CPU.Build.0 = Release|Any CPU
		{7F3F69DC-9C47-5E00-A0E3-B30A4E5A7CCB}.Debug|Any CPU.ActiveCfg = Debug|Any CPU
		{7F3F69DC-9C47-5E00-A0E3-B30A4E5A7CCB}.Debug|Any CPU.Build.0 = Debug|Any CPU
		{7F3F69DC-9C47-5E00-A0E3-B30A4E5A7CCB}.Release|Any CPU.ActiveCfg = Release|Any CPU
		{7F3F69DC-9C47-5E00-A0E3-B30A4E5A7CCB}.Release|Any CPU.Build.0 = Release|Any CPU
		{841DC375-72F2-5465-CB79-7C24CC94DDFD}.Debug|Any CPU.ActiveCfg = Debug|Any CPU
		{841DC375-72F2-5465-CB79-7C24CC94DDFD}.Debug|Any CPU.Build.0 = Debug|Any CPU
		{841DC375-72F2-5465-CB79-7C24CC94DDFD}.Release|Any CPU.ActiveCfg = Release|Any CPU
		{841DC375-72F2-5465-CB79-7C24CC94DDFD}.Release|Any CPU.Build.0 = Release|Any CPU
		{675531DD-DFF8-5F5E-935B-5FAC742338CE}.Debug|Any CPU.ActiveCfg = Debug|Any CPU
		{675531DD-DFF8-5F5E-935B-5FAC742338CE}.Debug|Any CPU.Build.0 = Debug|Any CPU
		{675531DD-DFF8-5F5E-935B-5FAC742338CE}.Release|Any CPU.ActiveCfg = Release|Any CPU
		{675531DD-DFF8-5F5E-935B-5FAC742338CE}.Release|Any CPU.Build.0 = Release|Any CPU
		{283DA3A5-4323-4696-AEA8-1FBA110F69D9}.Debug|Any CPU.ActiveCfg = Debug|Any CPU
		{283DA3A5-4323-4696-AEA8-1FBA110F69D9}.Debug|Any CPU.Build.0 = Debug|Any CPU
		{283DA3A5-4323-4696-AEA8-1FBA110F69D9}.Release|Any CPU.ActiveCfg = Release|Any CPU
		{283DA3A5-4323-4696-AEA8-1FBA110F69D9}.Release|Any CPU.Build.0 = Release|Any CPU
	EndGlobalSection
	GlobalSection(SolutionProperties) = preSolution
		HideSolutionNode = FALSE
	EndGlobalSection
	GlobalSection(ExtensibilityGlobals) = postSolution
		SolutionGuid = {AC9903FB-6GF3-5259-BC59-2561D6CC848D}
	EndGlobalSection
EndGlobal
